
Microsoft Visual Studio Solution File, Format Version 12.00
# Visual Studio Version 16
VisualStudioVersion = 16.0.31019.35
MinimumVisualStudioVersion = 10.0.40219.1
Project("{FAE04EC0-301F-11D3-BF4B-00C04F79EFBC}") = "EpiServer-Setup", "EpiServer-Setup.csproj", "{8DF47FE7-4922-41D4-85E3-4E378C32C408}"
EndProject
Global
	GlobalSection(SolutionConfigurationPlatforms) = preSolution
		Debug|Any CPU = Debug|Any CPU
		Release|Any CPU = Release|Any CPU
	EndGlobalSection
	GlobalSection(ProjectConfigurationPlatforms) = postSolution
		{8DF47FE7-4922-41D4-85E3-4E378C32C408}.Debug|Any CPU.ActiveCfg = Debug|Any CPU
		{8DF47FE7-4922-41D4-85E3-4E378C32C408}.Debug|Any CPU.Build.0 = Debug|Any CPU
		{8DF47FE7-4922-41D4-85E3-4E378C32C408}.Release|Any CPU.ActiveCfg = Release|Any CPU
		{8DF47FE7-4922-41D4-85E3-4E378C32C408}.Release|Any CPU.Build.0 = Release|Any CPU
	EndGlobalSection
	GlobalSection(SolutionProperties) = preSolution
		HideSolutionNode = FALSE
	EndGlobalSection
	GlobalSection(ExtensibilityGlobals) = postSolution
		SolutionGuid = {8AC7BE06-F7A7-4625-945B-5D715F6E2181}
	EndGlobalSection
EndGlobal
